
Microsoft Visual Studio Solution File, Format Version 12.00
# Visual Studio Version 16
VisualStudioVersion = 16.0.29709.97
MinimumVisualStudioVersion = 10.0.40219.1
Project("{9A19103F-16F7-4668-BE54-9A1E7A4F7556}") = "APITeste.WebAPI", "APITeste.WebAPI\APITeste.WebAPI.csproj", "{F89FB455-39AA-4BD4-8A75-15E045B5AF02}"
EndProject
Project("{9A19103F-16F7-4668-BE54-9A1E7A4F7556}") = "APITeste.Repositorio", "APITeste.Repositorio\APITeste.Repositorio.csproj", "{0C8967FD-DBA2-4CE1-9DC8-1559D81406A4}"
EndProject
Project("{9A19103F-16F7-4668-BE54-9A1E7A4F7556}") = "APITeste.Dominio", "APITeste.Dominio\APITeste.Dominio.csproj", "{F21D7612-C56F-4405-AEAD-AE62D148DCE2}"
EndProject
Global
	GlobalSection(SolutionConfigurationPlatforms) = preSolution
		Debug|Any CPU = Debug|Any CPU
		Release|Any CPU = Release|Any CPU
	EndGlobalSection
	GlobalSection(ProjectConfigurationPlatforms) = postSolution
		{F89FB455-39AA-4BD4-8A75-15E045B5AF02}.Debug|Any CPU.ActiveCfg = Debug|Any CPU
		{F89FB455-39AA-4BD4-8A75-15E045B5AF02}.Debug|Any CPU.Build.0 = Debug|Any CPU
		{F89FB455-39AA-4BD4-8A75-15E045B5AF02}.Release|Any CPU.ActiveCfg = Release|Any CPU
		{F89FB455-39AA-4BD4-8A75-15E045B5AF02}.Release|Any CPU.Build.0 = Release|Any CPU
		{0C8967FD-DBA2-4CE1-9DC8-1559D81406A4}.Debug|Any CPU.ActiveCfg = Debug|Any CPU
		{0C8967FD-DBA2-4CE1-9DC8-1559D81406A4}.Debug|Any CPU.Build.0 = Debug|Any CPU
		{0C8967FD-DBA2-4CE1-9DC8-1559D81406A4}.Release|Any CPU.ActiveCfg = Release|Any CPU
		{0C8967FD-DBA2-4CE1-9DC8-1559D81406A4}.Release|Any CPU.Build.0 = Release|Any CPU
		{F21D7612-C56F-4405-AEAD-AE62D148DCE2}.Debug|Any CPU.ActiveCfg = Debug|Any CPU
		{F21D7612-C56F-4405-AEAD-AE62D148DCE2}.Debug|Any CPU.Build.0 = Debug|Any CPU
		{F21D7612-C56F-4405-AEAD-AE62D148DCE2}.Release|Any CPU.ActiveCfg = Release|Any CPU
		{F21D7612-C56F-4405-AEAD-AE62D148DCE2}.Release|Any CPU.Build.0 = Release|Any CPU
	EndGlobalSection
	GlobalSection(SolutionProperties) = preSolution
		HideSolutionNode = FALSE
	EndGlobalSection
	GlobalSection(ExtensibilityGlobals) = postSolution
		SolutionGuid = {CE765C90-DA3F-45EF-BA44-E5D8115F9118}
	EndGlobalSection
EndGlobal
